
Microsoft Visual Studio Solution File, Format Version 12.00
# Visual Studio Version 16
VisualStudioVersion = 16.0.31624.102
MinimumVisualStudioVersion = 10.0.40219.1
Project("{FAE04EC0-301F-11D3-BF4B-00C04F79EFBC}") = "NotThisOne", "NotThisOne.csproj", "{031CE92D-F11C-4E3A-8F06-EF3FF2A3FF48}"
EndProject
Global
	GlobalSection(SolutionConfigurationPlatforms) = preSolution
		Debug|Any CPU = Debug|Any CPU
		Release|Any CPU = Release|Any CPU
	EndGlobalSection
	GlobalSection(ProjectConfigurationPlatforms) = postSolution
		{031CE92D-F11C-4E3A-8F06-EF3FF2A3FF48}.Debug|Any CPU.ActiveCfg = Debug|Any CPU
		{031CE92D-F11C-4E3A-8F06-EF3FF2A3FF48}.Debug|Any CPU.Build.0 = Debug|Any CPU
		{031CE92D-F11C-4E3A-8F06-EF3FF2A3FF48}.Release|Any CPU.ActiveCfg = Release|Any CPU
		{031CE92D-F11C-4E3A-8F06-EF3FF2A3FF48}.Release|Any CPU.Build.0 = Release|Any CPU
	EndGlobalSection
	GlobalSection(SolutionProperties) = preSolution
		HideSolutionNode = FALSE
	EndGlobalSection
	GlobalSection(ExtensibilityGlobals) = postSolution
		SolutionGuid = {2B8A9596-31B0-40A6-9917-C9526FAA125D}
	EndGlobalSection
EndGlobal
